
Microsoft Visual Studio Solution File, Format Version 12.00
# Visual Studio Version 17
VisualStudioVersion = 17.0.31912.275
MinimumVisualStudioVersion = 10.0.40219.1
Project("{FAE04EC0-301F-11D3-BF4B-00C04F79EFBC}") = "RecursionTask", "RecursionTask\RecursionTask.csproj", "{0D7107E3-F21D-4A39-BB70-04AE1D39191E}"
EndProject
Global
	GlobalSection(SolutionConfigurationPlatforms) = preSolution
		Debug|Any CPU = Debug|Any CPU
		Release|Any CPU = Release|Any CPU
	EndGlobalSection
	GlobalSection(ProjectConfigurationPlatforms) = postSolution
		{0D7107E3-F21D-4A39-BB70-04AE1D39191E}.Debug|Any CPU.ActiveCfg = Debug|Any CPU
		{0D7107E3-F21D-4A39-BB70-04AE1D39191E}.Debug|Any CPU.Build.0 = Debug|Any CPU
		{0D7107E3-F21D-4A39-BB70-04AE1D39191E}.Release|Any CPU.ActiveCfg = Release|Any CPU
		{0D7107E3-F21D-4A39-BB70-04AE1D39191E}.Release|Any CPU.Build.0 = Release|Any CPU
	EndGlobalSection
	GlobalSection(SolutionProperties) = preSolution
		HideSolutionNode = FALSE
	EndGlobalSection
	GlobalSection(ExtensibilityGlobals) = postSolution
		SolutionGuid = {8943B0F5-A97F-483D-8505-82C6B1F250D7}
	EndGlobalSection
EndGlobal
